
Microsoft Visual Studio Solution File, Format Version 12.00
# Visual Studio Version 16
VisualStudioVersion = 16.0.28315.86
MinimumVisualStudioVersion = 10.0.40219.1
Project("{FAE04EC0-301F-11D3-BF4B-00C04F79EFBC}") = "RuleBuilder", "RuleBuilder\RuleBuilder.csproj", "{6991459B-221F-4CB1-AD70-9EB1B3088A08}"
EndProject
Global
	GlobalSection(SolutionConfigurationPlatforms) = preSolution
		Debug|Any CPU = Debug|Any CPU
		Release|Any CPU = Release|Any CPU
	EndGlobalSection
	GlobalSection(ProjectConfigurationPlatforms) = postSolution
		{6991459B-221F-4CB1-AD70-9EB1B3088A08}.Debug|Any CPU.ActiveCfg = Debug|Any CPU
		{6991459B-221F-4CB1-AD70-9EB1B3088A08}.Debug|Any CPU.Build.0 = Debug|Any CPU
		{6991459B-221F-4CB1-AD70-9EB1B3088A08}.Release|Any CPU.ActiveCfg = Release|Any CPU
		{6991459B-221F-4CB1-AD70-9EB1B3088A08}.Release|Any CPU.Build.0 = Release|Any CPU
	EndGlobalSection
	GlobalSection(SolutionProperties) = preSolution
		HideSolutionNode = FALSE
	EndGlobalSection
	GlobalSection(ExtensibilityGlobals) = postSolution
		SolutionGuid = {74AB2C26-02C4-43E8-84EC-13CA0B1C150B}
	EndGlobalSection
EndGlobal
